<?xml version="1.0" encoding="utf-8"?>
<Project ToolsVersion="4.0" xmlns="http://schemas.microsoft.com/developer/msbuild/2003">
  <ItemGroup>
    <Filter Include="Source Files">
      <UniqueIdentifier>{4FC737F1-C7A5-4376-A066-2A32D752A2FF}</UniqueIdentifier>
      <Extensions>cpp;c;cc;cxx;def;odl;idl;hpj;bat;asm;asmx</Extensions>
    </Filter>
    <Filter Include="Header Files">
      <UniqueIdentifier>{93995380-89BD-4b04-88EB-625FBE52EBFB}</UniqueIdentifier>
      <Extensions>h;hpp;hxx;hm;inl;inc;xsd</Extensions>
    </Filter>
    <Filter Include="Resource Files">
      <UniqueIdentifier>{67DA6AB6-F800-4c08-8B7A-83BB121AAD01}</UniqueIdentifier>
      <Extensions>rc;ico;cur;bmp;dlg;rc2;rct;bin;rgs;gif;jpg;jpeg;jpe;resx;tiff;tif;png;wav</Extensions>
    </Filter>
  </ItemGroup>
  <ItemGroup>
    <ClCompile Include="dir.cpp">
      <Filter>Source Files</Filter>
    </ClCompile>
    <ClCompile Include="ent100.cpp">
      <Filter>Source Files</Filter>
    </ClCompile>
    <ClCompile Include="ent102.cpp">
      <Filter>Source Files</Filter>
    </ClCompile>
    <ClCompile Include="ent110.cpp">
      <Filter>Source Files</Filter>
    </ClCompile>
    <ClCompile Include="ent120.cpp">
      <Filter>Source Files</Filter>
    </ClCompile>
    <ClCompile Include="ent124.cpp">
      <Filter>Source Files</Filter>
    </ClCompile>
    <ClCompile Include="ent126.cpp">
      <Filter>Source Files</Filter>
    </ClCompile>
    <ClCompile Include="ent128.cpp">
      <Filter>Source Files</Filter>
    </ClCompile>
    <ClCompile Include="ent142.cpp">
      <Filter>Source Files</Filter>
    </ClCompile>
    <ClCompile Include="ent144.cpp">
      <Filter>Source Files</Filter>
    </ClCompile>
    <ClCompile Include="ent314.cpp">
      <Filter>Source Files</Filter>
    </ClCompile>
    <ClCompile Include="entity.cpp">
      <Filter>Source Files</Filter>
    </ClCompile>
    <ClCompile Include="entopt.cpp">
      <Filter>Source Files</Filter>
    </ClCompile>
    <ClCompile Include="Iges.cpp">
      <Filter>Source Files</Filter>
    </ClCompile>
    <ClCompile Include="IgesDoc.cpp">
      <Filter>Source Files</Filter>
    </ClCompile>
    <ClCompile Include="IgesRead.cpp">
      <Filter>Source Files</Filter>
    </ClCompile>
    <ClCompile Include="IgesView.cpp">
      <Filter>Source Files</Filter>
    </ClCompile>
    <ClCompile Include="MainFrm.cpp">
      <Filter>Source Files</Filter>
    </ClCompile>
    <ClCompile Include="param.cpp">
      <Filter>Source Files</Filter>
    </ClCompile>
    <ClCompile Include="ProgressBar.cpp">
      <Filter>Source Files</Filter>
    </ClCompile>
    <ClCompile Include="SamplingDlg.cpp">
      <Filter>Source Files</Filter>
    </ClCompile>
    <ClCompile Include="stdafx.cpp">
      <Filter>Source Files</Filter>
    </ClCompile>
    <ClCompile Include="UnsupDlg.cpp">
      <Filter>Source Files</Filter>
    </ClCompile>
    <ClCompile Include="vmath.cpp">
      <Filter>Source Files</Filter>
    </ClCompile>
  </ItemGroup>
  <ItemGroup>
    <ClInclude Include="convert.h">
      <Filter>Header Files</Filter>
    </ClInclude>
    <ClInclude Include="dir.h">
      <Filter>Header Files</Filter>
    </ClInclude>
    <ClInclude Include="ent100.h">
      <Filter>Header Files</Filter>
    </ClInclude>
    <ClInclude Include="ent102.h">
      <Filter>Header Files</Filter>
    </ClInclude>
    <ClInclude Include="ent110.h">
      <Filter>Header Files</Filter>
    </ClInclude>
    <ClInclude Include="ent120.h">
      <Filter>Header Files</Filter>
    </ClInclude>
    <ClInclude Include="ent124.h">
      <Filter>Header Files</Filter>
    </ClInclude>
    <ClInclude Include="ent126.h">
      <Filter>Header Files</Filter>
    </ClInclude>
    <ClInclude Include="ent128.h">
      <Filter>Header Files</Filter>
    </ClInclude>
    <ClInclude Include="ent142.h">
      <Filter>Header Files</Filter>
    </ClInclude>
    <ClInclude Include="ent144.h">
      <Filter>Header Files</Filter>
    </ClInclude>
    <ClInclude Include="ent314.h">
      <Filter>Header Files</Filter>
    </ClInclude>
    <ClInclude Include="entity.h">
      <Filter>Header Files</Filter>
    </ClInclude>
    <ClInclude Include="entopt.h">
      <Filter>Header Files</Filter>
    </ClInclude>
    <ClInclude Include="Iges.h">
      <Filter>Header Files</Filter>
    </ClInclude>
    <ClInclude Include="IgesDoc.h">
      <Filter>Header Files</Filter>
    </ClInclude>
    <ClInclude Include="IgesRead.h">
      <Filter>Header Files</Filter>
    </ClInclude>
    <ClInclude Include="IgesView.h">
      <Filter>Header Files</Filter>
    </ClInclude>
    <ClInclude Include="MainFrm.h">
      <Filter>Header Files</Filter>
    </ClInclude>
    <ClInclude Include="param.h">
      <Filter>Header Files</Filter>
    </ClInclude>
    <ClInclude Include="ProgressBar.h">
      <Filter>Header Files</Filter>
    </ClInclude>
    <ClInclude Include="Resource.h">
      <Filter>Header Files</Filter>
    </ClInclude>
    <ClInclude Include="SamplingDlg.h">
      <Filter>Header Files</Filter>
    </ClInclude>
    <ClInclude Include="stdafx.h">
      <Filter>Header Files</Filter>
    </ClInclude>
    <ClInclude Include="UnsupDlg.h">
      <Filter>Header Files</Filter>
    </ClInclude>
    <ClInclude Include="vmath.h">
      <Filter>Header Files</Filter>
    </ClInclude>
    <ClInclude Include="XFormatNumber.h">
      <Filter>Header Files</Filter>
    </ClInclude>
  </ItemGroup>
  <ItemGroup>
    <None Include="resource.hm">
      <Filter>Header Files</Filter>
    </None>
    <None Include="res\Iges.ico">
      <Filter>Resource Files</Filter>
    </None>
    <None Include="res\Iges.rc2">
      <Filter>Resource Files</Filter>
    </None>
    <None Include="res\IgesDoc.ico">
      <Filter>Resource Files</Filter>
    </None>
    <None Include="res\Toolbar.bmp">
      <Filter>Resource Files</Filter>
    </None>
    <None Include="Iges.reg" />
    <None Include="ReadMe.txt" />
  </ItemGroup>
  <ItemGroup>
    <ResourceCompile Include="Iges.rc">
      <Filter>Resource Files</Filter>
    </ResourceCompile>
  </ItemGroup>
</Project>